
Microsoft Visual Studio Solution File, Format Version 12.00
# Visual Studio Version 17
VisualStudioVersion = 17.4.33213.308
MinimumVisualStudioVersion = 10.0.40219.1
Project("{9A19103F-16F7-4668-BE54-9A1E7A4F7556}") = "FinalSprint", "FinalSprint.csproj", "{8D85549B-EA4E-4E31-B790-540A5DB94189}"
EndProject
Project("{2150E333-8FDC-42A3-9474-1A3956D46DE8}") = "Solution Items", "Solution Items", "{0274D0C8-F69A-4839-A705-AE8D6FE22C59}"
	ProjectSection(SolutionItems) = preProject
		.editorconfig = .editorconfig
	EndProjectSection
EndProject
Global
	GlobalSection(SolutionConfigurationPlatforms) = preSolution
		Debug|Any CPU = Debug|Any CPU
		Release|Any CPU = Release|Any CPU
	EndGlobalSection
	GlobalSection(ProjectConfigurationPlatforms) = postSolution
		{8D85549B-EA4E-4E31-B790-540A5DB94189}.Debug|Any CPU.ActiveCfg = Debug|Any CPU
		{8D85549B-EA4E-4E31-B790-540A5DB94189}.Debug|Any CPU.Build.0 = Debug|Any CPU
		{8D85549B-EA4E-4E31-B790-540A5DB94189}.Release|Any CPU.ActiveCfg = Release|Any CPU
		{8D85549B-EA4E-4E31-B790-540A5DB94189}.Release|Any CPU.Build.0 = Release|Any CPU
	EndGlobalSection
	GlobalSection(SolutionProperties) = preSolution
		HideSolutionNode = FALSE
	EndGlobalSection
	GlobalSection(ExtensibilityGlobals) = postSolution
		SolutionGuid = {070DA780-C88D-4C54-99C8-2B88898F57DC}
	EndGlobalSection
EndGlobal
